{
    "_readme": [
        "This file locks the dependencies of your project to a known state",
        "Read more about it at https://getcomposer.org/doc/01-basic-usage.md#composer-lock-the-lock-file",
        "This file is @generated automatically"
    ],
    "hash": "279f360310046fc4e2be8d260733cab4",
    "content-hash": "b55466e7ff2822d6ef2a1cb0a823bc79",
    "packages": [
        {
            "name": "airbrake/phpbrake",
            "version": "v0.2.0",
            "source": {
                "type": "git",
                "url": "https://github.com/airbrake/phpbrake.git",
                "reference": "a96197b7dbe5ec6d7ffba9fdd2f1f3206d6682a9"
            },
            "dist": {
                "type": "zip",
                "url": "https://api.github.com/repos/airbrake/phpbrake/zipball/a96197b7dbe5ec6d7ffba9fdd2f1f3206d6682a9",
                "reference": "a96197b7dbe5ec6d7ffba9fdd2f1f3206d6682a9",
                "shasum": ""
            },
            "require": {
                "php": ">=5.4"
            },
            "require-dev": {
                "guzzlehttp/guzzle": "^6.2",
                "monolog/monolog": "^1.16.0",
                "phpunit/phpunit": "^4.8.0",
                "squizlabs/php_codesniffer": "^2.5.1"
            },
            "suggest": {
                "guzzlehttp/guzzle": "Allows for implementation of the Guzzle HTTP client"
            },
            "type": "library",
            "extra": {
                "branch-alias": {
                    "dev-master": "1.0-dev"
                }
            },
            "autoload": {
                "psr-4": {
                    "Airbrake\\": "src/"
                }
            },
            "notification-url": "https://packagist.org/downloads/",
            "license": [
                "MIT"
            ],
            "description": "Airbrake exception and error notifier for PHP",
            "homepage": "https://airbrake.io",
            "keywords": [
                "airbrake",
                "error",
                "exception",
                "logging",
                "notifier"
            ],
            "time": "2016-07-21 11:56:30"
        }
    ],
    "packages-dev": [],
    "aliases": [],
    "minimum-stability": "stable",
    "stability-flags": [],
    "prefer-stable": false,
    "prefer-lowest": false,
    "platform": [],
    "platform-dev": []
}
